
Microsoft Visual Studio Solution File, Format Version 12.00
# Visual Studio Version 16
VisualStudioVersion = 16.0.28803.156
MinimumVisualStudioVersion = 10.0.40219.1
Project("{9A19103F-16F7-4668-BE54-9A1E7A4F7556}") = "CryptoFpga", "client\CryptoFpga\CryptoFpga.csproj", "{C38EC0FC-4AC3-4AED-98BD-55D27E819045}"
EndProject
Project("{8BC9CEB8-8B4A-11D0-8D11-00A0C91BC942}") = "CyptoFpga.Driver", "driver\CyptoFpga.Driver.vcxproj", "{0CFE20FF-616C-4092-A59E-43BB3D644A45}"
EndProject
Project("{9A19103F-16F7-4668-BE54-9A1E7A4F7556}") = "CryptoFpga.IO.Memory", "client\CryptoFpga.IO.Memory\CryptoFpga.IO.Memory.csproj", "{BDB602B3-29F2-492C-932F-50FB60A15887}"
EndProject
Project("{2150E333-8FDC-42A3-9474-1A3956D46DE8}") = "Tests", "Tests", "{DF7E8523-58F6-4767-B28B-00D5CA4A1D68}"
EndProject
Project("{8BC9CEB8-8B4A-11D0-8D11-00A0C91BC942}") = "CryptoFpga.Sha256d.TB", "hw\sha256d\CryptoFpga.Sha256d.TB.vcxproj", "{C870FCE6-36A2-4B2A-B4D1-162D17BD8EDE}"
EndProject
Project("{9A19103F-16F7-4668-BE54-9A1E7A4F7556}") = "CryptoFpga.Algorithms.Sha256d", "client\CryptoFpga.Algorithms.Sha256d\CryptoFpga.Algorithms.Sha256d.csproj", "{FFD5CC83-0153-408E-B5E6-9E2BCDC21A9C}"
EndProject
Project("{9A19103F-16F7-4668-BE54-9A1E7A4F7556}") = "CryptoFpga.Algorithms.Sha256d.Tests", "client\Tests\CryptoFpga.Algorithms.Sha256d.Tests\CryptoFpga.Algorithms.Sha256d.Tests.csproj", "{21E3DC6D-BFB8-4F7C-AEDC-3A0E589287F3}"
EndProject
Project("{2150E333-8FDC-42A3-9474-1A3956D46DE8}") = "Algorithms", "Algorithms", "{6CDAE1FF-490A-4DCA-BCEB-6E090E72AF21}"
EndProject
Project("{9A19103F-16F7-4668-BE54-9A1E7A4F7556}") = "CryptoFpga.Algorithms.Common", "client\CryptoFpga.Algorithms.Common\CryptoFpga.Algorithms.Common.csproj", "{10F856F3-186B-4B59-B9EE-88EF0318B0CE}"
EndProject
Project("{2150E333-8FDC-42A3-9474-1A3956D46DE8}") = "Native", "Native", "{E0B842CF-4F14-4490-8FE1-913A839BBD65}"
EndProject
Project("{2150E333-8FDC-42A3-9474-1A3956D46DE8}") = "IO", "IO", "{64C5E25C-1192-4FF2-9DCD-E6D2460D67B8}"
EndProject
Project("{9A19103F-16F7-4668-BE54-9A1E7A4F7556}") = "CryptoFpga.IO.Stratum", "client\CryptoFpga.IO.Stratum\CryptoFpga.IO.Stratum.csproj", "{7FDB6FF5-2514-4749-842B-F690E836E567}"
EndProject
Project("{9A19103F-16F7-4668-BE54-9A1E7A4F7556}") = "CryptoFpga.IO.Stratum.Tests", "client\Tests\CryptoFpga.IO.Stratum.Tests\CryptoFpga.IO.Stratum.Tests.csproj", "{4EE4AC09-3F99-4D33-B388-E919672F34CF}"
EndProject
Project("{9A19103F-16F7-4668-BE54-9A1E7A4F7556}") = "CryptoFpga.Common", "client\CryptoFpga.Common\CryptoFpga.Common.csproj", "{1F799ED3-A235-4613-8526-A64ABC48A8A6}"
EndProject
Project("{FAE04EC0-301F-11D3-BF4B-00C04F79EFBC}") = "CryptoFpga.Common.Tests", "client\Tests\CryptoFpga.Common.Tests\CryptoFpga.Common.Tests.csproj", "{6FC46160-FCF2-479C-9312-25D69CF02AAB}"
EndProject
Global
	GlobalSection(SolutionConfigurationPlatforms) = preSolution
		Debug|Any CPU = Debug|Any CPU
		Debug|x64 = Debug|x64
		Debug|x86 = Debug|x86
		Release|Any CPU = Release|Any CPU
		Release|x64 = Release|x64
		Release|x86 = Release|x86
	EndGlobalSection
	GlobalSection(ProjectConfigurationPlatforms) = postSolution
		{C38EC0FC-4AC3-4AED-98BD-55D27E819045}.Debug|Any CPU.ActiveCfg = Debug|Any CPU
		{C38EC0FC-4AC3-4AED-98BD-55D27E819045}.Debug|Any CPU.Build.0 = Debug|Any CPU
		{C38EC0FC-4AC3-4AED-98BD-55D27E819045}.Debug|x64.ActiveCfg = Debug|Any CPU
		{C38EC0FC-4AC3-4AED-98BD-55D27E819045}.Debug|x64.Build.0 = Debug|Any CPU
		{C38EC0FC-4AC3-4AED-98BD-55D27E819045}.Debug|x86.ActiveCfg = Debug|Any CPU
		{C38EC0FC-4AC3-4AED-98BD-55D27E819045}.Debug|x86.Build.0 = Debug|Any CPU
		{C38EC0FC-4AC3-4AED-98BD-55D27E819045}.Release|Any CPU.ActiveCfg = Debug|Any CPU
		{C38EC0FC-4AC3-4AED-98BD-55D27E819045}.Release|Any CPU.Build.0 = Debug|Any CPU
		{C38EC0FC-4AC3-4AED-98BD-55D27E819045}.Release|x64.ActiveCfg = Debug|Any CPU
		{C38EC0FC-4AC3-4AED-98BD-55D27E819045}.Release|x64.Build.0 = Debug|Any CPU
		{C38EC0FC-4AC3-4AED-98BD-55D27E819045}.Release|x86.ActiveCfg = Debug|Any CPU
		{C38EC0FC-4AC3-4AED-98BD-55D27E819045}.Release|x86.Build.0 = Debug|Any CPU
		{0CFE20FF-616C-4092-A59E-43BB3D644A45}.Debug|Any CPU.ActiveCfg = Debug|Win32
		{0CFE20FF-616C-4092-A59E-43BB3D644A45}.Debug|Any CPU.Build.0 = Debug|Win32
		{0CFE20FF-616C-4092-A59E-43BB3D644A45}.Debug|x64.ActiveCfg = Debug|Win32
		{0CFE20FF-616C-4092-A59E-43BB3D644A45}.Debug|x64.Build.0 = Debug|Win32
		{0CFE20FF-616C-4092-A59E-43BB3D644A45}.Debug|x86.ActiveCfg = Debug|Win32
		{0CFE20FF-616C-4092-A59E-43BB3D644A45}.Debug|x86.Build.0 = Debug|Win32
		{0CFE20FF-616C-4092-A59E-43BB3D644A45}.Release|Any CPU.ActiveCfg = Debug|Win32
		{0CFE20FF-616C-4092-A59E-43BB3D644A45}.Release|Any CPU.Build.0 = Debug|Win32
		{0CFE20FF-616C-4092-A59E-43BB3D644A45}.Release|x64.ActiveCfg = Debug|Win32
		{0CFE20FF-616C-4092-A59E-43BB3D644A45}.Release|x64.Build.0 = Debug|Win32
		{0CFE20FF-616C-4092-A59E-43BB3D644A45}.Release|x86.ActiveCfg = Debug|Win32
		{0CFE20FF-616C-4092-A59E-43BB3D644A45}.Release|x86.Build.0 = Debug|Win32
		{BDB602B3-29F2-492C-932F-50FB60A15887}.Debug|Any CPU.ActiveCfg = Debug|Any CPU
		{BDB602B3-29F2-492C-932F-50FB60A15887}.Debug|Any CPU.Build.0 = Debug|Any CPU
		{BDB602B3-29F2-492C-932F-50FB60A15887}.Debug|x64.ActiveCfg = Debug|Any CPU
		{BDB602B3-29F2-492C-932F-50FB60A15887}.Debug|x64.Build.0 = Debug|Any CPU
		{BDB602B3-29F2-492C-932F-50FB60A15887}.Debug|x86.ActiveCfg = Debug|Any CPU
		{BDB602B3-29F2-492C-932F-50FB60A15887}.Debug|x86.Build.0 = Debug|Any CPU
		{BDB602B3-29F2-492C-932F-50FB60A15887}.Release|Any CPU.ActiveCfg = Debug|Any CPU
		{BDB602B3-29F2-492C-932F-50FB60A15887}.Release|Any CPU.Build.0 = Debug|Any CPU
		{BDB602B3-29F2-492C-932F-50FB60A15887}.Release|x64.ActiveCfg = Debug|Any CPU
		{BDB602B3-29F2-492C-932F-50FB60A15887}.Release|x64.Build.0 = Debug|Any CPU
		{BDB602B3-29F2-492C-932F-50FB60A15887}.Release|x86.ActiveCfg = Debug|Any CPU
		{BDB602B3-29F2-492C-932F-50FB60A15887}.Release|x86.Build.0 = Debug|Any CPU
		{C870FCE6-36A2-4B2A-B4D1-162D17BD8EDE}.Debug|Any CPU.ActiveCfg = Debug|Win32
		{C870FCE6-36A2-4B2A-B4D1-162D17BD8EDE}.Debug|x64.ActiveCfg = Debug|x64
		{C870FCE6-36A2-4B2A-B4D1-162D17BD8EDE}.Debug|x64.Build.0 = Debug|x64
		{C870FCE6-36A2-4B2A-B4D1-162D17BD8EDE}.Debug|x86.ActiveCfg = Debug|Win32
		{C870FCE6-36A2-4B2A-B4D1-162D17BD8EDE}.Debug|x86.Build.0 = Debug|Win32
		{C870FCE6-36A2-4B2A-B4D1-162D17BD8EDE}.Release|Any CPU.ActiveCfg = Release|Win32
		{C870FCE6-36A2-4B2A-B4D1-162D17BD8EDE}.Release|x64.ActiveCfg = Release|x64
		{C870FCE6-36A2-4B2A-B4D1-162D17BD8EDE}.Release|x64.Build.0 = Release|x64
		{C870FCE6-36A2-4B2A-B4D1-162D17BD8EDE}.Release|x86.ActiveCfg = Release|Win32
		{C870FCE6-36A2-4B2A-B4D1-162D17BD8EDE}.Release|x86.Build.0 = Release|Win32
		{FFD5CC83-0153-408E-B5E6-9E2BCDC21A9C}.Debug|Any CPU.ActiveCfg = Debug|Any CPU
		{FFD5CC83-0153-408E-B5E6-9E2BCDC21A9C}.Debug|Any CPU.Build.0 = Debug|Any CPU
		{FFD5CC83-0153-408E-B5E6-9E2BCDC21A9C}.Debug|x64.ActiveCfg = Debug|Any CPU
		{FFD5CC83-0153-408E-B5E6-9E2BCDC21A9C}.Debug|x64.Build.0 = Debug|Any CPU
		{FFD5CC83-0153-408E-B5E6-9E2BCDC21A9C}.Debug|x86.ActiveCfg = Debug|Any CPU
		{FFD5CC83-0153-408E-B5E6-9E2BCDC21A9C}.Debug|x86.Build.0 = Debug|Any CPU
		{FFD5CC83-0153-408E-B5E6-9E2BCDC21A9C}.Release|Any CPU.ActiveCfg = Release|Any CPU
		{FFD5CC83-0153-408E-B5E6-9E2BCDC21A9C}.Release|Any CPU.Build.0 = Release|Any CPU
		{FFD5CC83-0153-408E-B5E6-9E2BCDC21A9C}.Release|x64.ActiveCfg = Release|Any CPU
		{FFD5CC83-0153-408E-B5E6-9E2BCDC21A9C}.Release|x64.Build.0 = Release|Any CPU
		{FFD5CC83-0153-408E-B5E6-9E2BCDC21A9C}.Release|x86.ActiveCfg = Release|Any CPU
		{FFD5CC83-0153-408E-B5E6-9E2BCDC21A9C}.Release|x86.Build.0 = Release|Any CPU
		{21E3DC6D-BFB8-4F7C-AEDC-3A0E589287F3}.Debug|Any CPU.ActiveCfg = Debug|Any CPU
		{21E3DC6D-BFB8-4F7C-AEDC-3A0E589287F3}.Debug|Any CPU.Build.0 = Debug|Any CPU
		{21E3DC6D-BFB8-4F7C-AEDC-3A0E589287F3}.Debug|x64.ActiveCfg = Debug|Any CPU
		{21E3DC6D-BFB8-4F7C-AEDC-3A0E589287F3}.Debug|x64.Build.0 = Debug|Any CPU
		{21E3DC6D-BFB8-4F7C-AEDC-3A0E589287F3}.Debug|x86.ActiveCfg = Debug|Any CPU
		{21E3DC6D-BFB8-4F7C-AEDC-3A0E589287F3}.Debug|x86.Build.0 = Debug|Any CPU
		{21E3DC6D-BFB8-4F7C-AEDC-3A0E589287F3}.Release|Any CPU.ActiveCfg = Release|Any CPU
		{21E3DC6D-BFB8-4F7C-AEDC-3A0E589287F3}.Release|Any CPU.Build.0 = Release|Any CPU
		{21E3DC6D-BFB8-4F7C-AEDC-3A0E589287F3}.Release|x64.ActiveCfg = Release|Any CPU
		{21E3DC6D-BFB8-4F7C-AEDC-3A0E589287F3}.Release|x64.Build.0 = Release|Any CPU
		{21E3DC6D-BFB8-4F7C-AEDC-3A0E589287F3}.Release|x86.ActiveCfg = Release|Any CPU
		{21E3DC6D-BFB8-4F7C-AEDC-3A0E589287F3}.Release|x86.Build.0 = Release|Any CPU
		{10F856F3-186B-4B59-B9EE-88EF0318B0CE}.Debug|Any CPU.ActiveCfg = Debug|Any CPU
		{10F856F3-186B-4B59-B9EE-88EF0318B0CE}.Debug|Any CPU.Build.0 = Debug|Any CPU
		{10F856F3-186B-4B59-B9EE-88EF0318B0CE}.Debug|x64.ActiveCfg = Debug|Any CPU
		{10F856F3-186B-4B59-B9EE-88EF0318B0CE}.Debug|x64.Build.0 = Debug|Any CPU
		{10F856F3-186B-4B59-B9EE-88EF0318B0CE}.Debug|x86.ActiveCfg = Debug|Any CPU
		{10F856F3-186B-4B59-B9EE-88EF0318B0CE}.Debug|x86.Build.0 = Debug|Any CPU
		{10F856F3-186B-4B59-B9EE-88EF0318B0CE}.Release|Any CPU.ActiveCfg = Release|Any CPU
		{10F856F3-186B-4B59-B9EE-88EF0318B0CE}.Release|Any CPU.Build.0 = Release|Any CPU
		{10F856F3-186B-4B59-B9EE-88EF0318B0CE}.Release|x64.ActiveCfg = Release|Any CPU
		{10F856F3-186B-4B59-B9EE-88EF0318B0CE}.Release|x64.Build.0 = Release|Any CPU
		{10F856F3-186B-4B59-B9EE-88EF0318B0CE}.Release|x86.ActiveCfg = Release|Any CPU
		{10F856F3-186B-4B59-B9EE-88EF0318B0CE}.Release|x86.Build.0 = Release|Any CPU
		{7FDB6FF5-2514-4749-842B-F690E836E567}.Debug|Any CPU.ActiveCfg = Debug|Any CPU
		{7FDB6FF5-2514-4749-842B-F690E836E567}.Debug|Any CPU.Build.0 = Debug|Any CPU
		{7FDB6FF5-2514-4749-842B-F690E836E567}.Debug|x64.ActiveCfg = Debug|Any CPU
		{7FDB6FF5-2514-4749-842B-F690E836E567}.Debug|x64.Build.0 = Debug|Any CPU
		{7FDB6FF5-2514-4749-842B-F690E836E567}.Debug|x86.ActiveCfg = Debug|Any CPU
		{7FDB6FF5-2514-4749-842B-F690E836E567}.Debug|x86.Build.0 = Debug|Any CPU
		{7FDB6FF5-2514-4749-842B-F690E836E567}.Release|Any CPU.ActiveCfg = Release|Any CPU
		{7FDB6FF5-2514-4749-842B-F690E836E567}.Release|Any CPU.Build.0 = Release|Any CPU
		{7FDB6FF5-2514-4749-842B-F690E836E567}.Release|x64.ActiveCfg = Release|Any CPU
		{7FDB6FF5-2514-4749-842B-F690E836E567}.Release|x64.Build.0 = Release|Any CPU
		{7FDB6FF5-2514-4749-842B-F690E836E567}.Release|x86.ActiveCfg = Release|Any CPU
		{7FDB6FF5-2514-4749-842B-F690E836E567}.Release|x86.Build.0 = Release|Any CPU
		{4EE4AC09-3F99-4D33-B388-E919672F34CF}.Debug|Any CPU.ActiveCfg = Debug|Any CPU
		{4EE4AC09-3F99-4D33-B388-E919672F34CF}.Debug|Any CPU.Build.0 = Debug|Any CPU
		{4EE4AC09-3F99-4D33-B388-E919672F34CF}.Debug|x64.ActiveCfg = Debug|Any CPU
		{4EE4AC09-3F99-4D33-B388-E919672F34CF}.Debug|x64.Build.0 = Debug|Any CPU
		{4EE4AC09-3F99-4D33-B388-E919672F34CF}.Debug|x86.ActiveCfg = Debug|Any CPU
		{4EE4AC09-3F99-4D33-B388-E919672F34CF}.Debug|x86.Build.0 = Debug|Any CPU
		{4EE4AC09-3F99-4D33-B388-E919672F34CF}.Release|Any CPU.ActiveCfg = Release|Any CPU
		{4EE4AC09-3F99-4D33-B388-E919672F34CF}.Release|Any CPU.Build.0 = Release|Any CPU
		{4EE4AC09-3F99-4D33-B388-E919672F34CF}.Release|x64.ActiveCfg = Release|Any CPU
		{4EE4AC09-3F99-4D33-B388-E919672F34CF}.Release|x64.Build.0 = Release|Any CPU
		{4EE4AC09-3F99-4D33-B388-E919672F34CF}.Release|x86.ActiveCfg = Release|Any CPU
		{4EE4AC09-3F99-4D33-B388-E919672F34CF}.Release|x86.Build.0 = Release|Any CPU
		{1F799ED3-A235-4613-8526-A64ABC48A8A6}.Debug|Any CPU.ActiveCfg = Debug|Any CPU
		{1F799ED3-A235-4613-8526-A64ABC48A8A6}.Debug|Any CPU.Build.0 = Debug|Any CPU
		{1F799ED3-A235-4613-8526-A64ABC48A8A6}.Debug|x64.ActiveCfg = Debug|Any CPU
		{1F799ED3-A235-4613-8526-A64ABC48A8A6}.Debug|x64.Build.0 = Debug|Any CPU
		{1F799ED3-A235-4613-8526-A64ABC48A8A6}.Debug|x86.ActiveCfg = Debug|Any CPU
		{1F799ED3-A235-4613-8526-A64ABC48A8A6}.Debug|x86.Build.0 = Debug|Any CPU
		{1F799ED3-A235-4613-8526-A64ABC48A8A6}.Release|Any CPU.ActiveCfg = Release|Any CPU
		{1F799ED3-A235-4613-8526-A64ABC48A8A6}.Release|Any CPU.Build.0 = Release|Any CPU
		{1F799ED3-A235-4613-8526-A64ABC48A8A6}.Release|x64.ActiveCfg = Release|Any CPU
		{1F799ED3-A235-4613-8526-A64ABC48A8A6}.Release|x64.Build.0 = Release|Any CPU
		{1F799ED3-A235-4613-8526-A64ABC48A8A6}.Release|x86.ActiveCfg = Release|Any CPU
		{1F799ED3-A235-4613-8526-A64ABC48A8A6}.Release|x86.Build.0 = Release|Any CPU
		{6FC46160-FCF2-479C-9312-25D69CF02AAB}.Debug|Any CPU.ActiveCfg = Debug|Any CPU
		{6FC46160-FCF2-479C-9312-25D69CF02AAB}.Debug|Any CPU.Build.0 = Debug|Any CPU
		{6FC46160-FCF2-479C-9312-25D69CF02AAB}.Debug|x64.ActiveCfg = Debug|Any CPU
		{6FC46160-FCF2-479C-9312-25D69CF02AAB}.Debug|x64.Build.0 = Debug|Any CPU
		{6FC46160-FCF2-479C-9312-25D69CF02AAB}.Debug|x86.ActiveCfg = Debug|Any CPU
		{6FC46160-FCF2-479C-9312-25D69CF02AAB}.Debug|x86.Build.0 = Debug|Any CPU
		{6FC46160-FCF2-479C-9312-25D69CF02AAB}.Release|Any CPU.ActiveCfg = Release|Any CPU
		{6FC46160-FCF2-479C-9312-25D69CF02AAB}.Release|Any CPU.Build.0 = Release|Any CPU
		{6FC46160-FCF2-479C-9312-25D69CF02AAB}.Release|x64.ActiveCfg = Release|Any CPU
		{6FC46160-FCF2-479C-9312-25D69CF02AAB}.Release|x64.Build.0 = Release|Any CPU
		{6FC46160-FCF2-479C-9312-25D69CF02AAB}.Release|x86.ActiveCfg = Release|Any CPU
		{6FC46160-FCF2-479C-9312-25D69CF02AAB}.Release|x86.Build.0 = Release|Any CPU
	EndGlobalSection
	GlobalSection(SolutionProperties) = preSolution
		HideSolutionNode = FALSE
	EndGlobalSection
	GlobalSection(NestedProjects) = preSolution
		{0CFE20FF-616C-4092-A59E-43BB3D644A45} = {E0B842CF-4F14-4490-8FE1-913A839BBD65}
		{BDB602B3-29F2-492C-932F-50FB60A15887} = {64C5E25C-1192-4FF2-9DCD-E6D2460D67B8}
		{C870FCE6-36A2-4B2A-B4D1-162D17BD8EDE} = {E0B842CF-4F14-4490-8FE1-913A839BBD65}
		{FFD5CC83-0153-408E-B5E6-9E2BCDC21A9C} = {6CDAE1FF-490A-4DCA-BCEB-6E090E72AF21}
		{21E3DC6D-BFB8-4F7C-AEDC-3A0E589287F3} = {DF7E8523-58F6-4767-B28B-00D5CA4A1D68}
		{10F856F3-186B-4B59-B9EE-88EF0318B0CE} = {6CDAE1FF-490A-4DCA-BCEB-6E090E72AF21}
		{7FDB6FF5-2514-4749-842B-F690E836E567} = {64C5E25C-1192-4FF2-9DCD-E6D2460D67B8}
		{4EE4AC09-3F99-4D33-B388-E919672F34CF} = {DF7E8523-58F6-4767-B28B-00D5CA4A1D68}
		{6FC46160-FCF2-479C-9312-25D69CF02AAB} = {DF7E8523-58F6-4767-B28B-00D5CA4A1D68}
	EndGlobalSection
	GlobalSection(ExtensibilityGlobals) = postSolution
		SolutionGuid = {B316CB6B-300A-4E8D-8C08-FFADA26EC9EE}
	EndGlobalSection
EndGlobal
